
Microsoft Visual Studio Solution File, Format Version 12.00
# Visual Studio Version 17
VisualStudioVersion = 17.0.32112.339
MinimumVisualStudioVersion = 10.0.40219.1
Project("{FAE04EC0-301F-11D3-BF4B-00C04F79EFBC}") = "Minifier.Frontend", "Minifier.Frontend\Minifier.Frontend.csproj", "{5EC0B11F-B6AF-4134-9C2E-7E555D4E7D3B}"
EndProject
Project("{FAE04EC0-301F-11D3-BF4B-00C04F79EFBC}") = "Minifier.Backend", "Minifier.Backend\Minifier.Backend.csproj", "{99BC9A09-AA22-4C95-9BF2-683437842A4D}"
EndProject
Global
	GlobalSection(SolutionConfigurationPlatforms) = preSolution
		Debug|Any CPU = Debug|Any CPU
		Release|Any CPU = Release|Any CPU
	EndGlobalSection
	GlobalSection(ProjectConfigurationPlatforms) = postSolution
		{5EC0B11F-B6AF-4134-9C2E-7E555D4E7D3B}.Debug|Any CPU.ActiveCfg = Debug|Any CPU
		{5EC0B11F-B6AF-4134-9C2E-7E555D4E7D3B}.Debug|Any CPU.Build.0 = Debug|Any CPU
		{5EC0B11F-B6AF-4134-9C2E-7E555D4E7D3B}.Release|Any CPU.ActiveCfg = Release|Any CPU
		{5EC0B11F-B6AF-4134-9C2E-7E555D4E7D3B}.Release|Any CPU.Build.0 = Release|Any CPU
		{99BC9A09-AA22-4C95-9BF2-683437842A4D}.Debug|Any CPU.ActiveCfg = Debug|Any CPU
		{99BC9A09-AA22-4C95-9BF2-683437842A4D}.Debug|Any CPU.Build.0 = Debug|Any CPU
		{99BC9A09-AA22-4C95-9BF2-683437842A4D}.Release|Any CPU.ActiveCfg = Release|Any CPU
		{99BC9A09-AA22-4C95-9BF2-683437842A4D}.Release|Any CPU.Build.0 = Release|Any CPU
	EndGlobalSection
	GlobalSection(SolutionProperties) = preSolution
		HideSolutionNode = FALSE
	EndGlobalSection
	GlobalSection(ExtensibilityGlobals) = postSolution
		SolutionGuid = {E466352F-F74E-436E-8F29-98F38CC829DE}
	EndGlobalSection
EndGlobal
